// !$*UTF8*$!
{
	archiveVersion = 1;
	classes = {
	};
	objectVersion = 50;
	objects = {

/* Begin PBXBuildFile section */
		C0CD32A626126B95003D8866 /* AppDelegate.swift in Sources */ = {isa = PBXBuildFile; fileRef = C0CD32A526126B95003D8866 /* AppDelegate.swift */; };
		C0CD32A826126B95003D8866 /* SceneDelegate.swift in Sources */ = {isa = PBXBuildFile; fileRef = C0CD32A726126B95003D8866 /* SceneDelegate.swift */; };
		C0CD32AA26126B95003D8866 /* ViewController.swift in Sources */ = {isa = PBXBuildFile; fileRef = C0CD32A926126B95003D8866 /* ViewController.swift */; };
		C0CD32AD26126B95003D8866 /* Main.storyboard in Resources */ = {isa = PBXBuildFile; fileRef = C0CD32AB26126B95003D8866 /* Main.storyboard */; };
		C0CD32AF26126B97003D8866 /* Assets.xcassets in Resources */ = {isa = PBXBuildFile; fileRef = C0CD32AE26126B97003D8866 /* Assets.xcassets */; };
		C0CD32B226126B97003D8866 /* LaunchScreen.storyboard in Resources */ = {isa = PBXBuildFile; fileRef = C0CD32B026126B97003D8866 /* LaunchScreen.storyboard */; };
		C0CD32BD26126B98003D8866 /* navigationTests.swift in Sources */ = {isa = PBXBuildFile; fileRef = C0CD32BC26126B98003D8866 /* navigationTests.swift */; };
		C0CD32C826126B98003D8866 /* navigationUITests.swift in Sources */ = {isa = PBXBuildFile; fileRef = C0CD32C726126B98003D8866 /* navigationUITests.swift */; };
		C0CD32D926128598003D8866 /* MainNavigationController.swift in Sources */ = {isa = PBXBuildFile; fileRef = C0CD32D826128598003D8866 /* MainNavigationController.swift */; };
/* End PBXBuildFile section */

/* Begin PBXContainerItemProxy section */
		C0CD32B926126B98003D8866 /* PBXContainerItemProxy */ = {
			isa = PBXContainerItemProxy;
			containerPortal = C0CD329A26126B95003D8866 /* Project object */;
			proxyType = 1;
			remoteGlobalIDString = C0CD32A126126B95003D8866;
			remoteInfo = navigation;
		};
		C0CD32C426126B98003D8866 /* PBXContainerItemProxy */ = {
			isa = PBXContainerItemProxy;
			containerPortal = C0CD329A26126B95003D8866 /* Project object */;
			proxyType = 1;
			remoteGlobalIDString = C0CD32A126126B95003D8866;
			remoteInfo = navigation;
		};
/* End PBXContainerItemProxy section */

/* Begin PBXFileReference section */
		C0CD32A226126B95003D8866 /* navigation.app */ = {isa = PBXFileReference; explicitFileType = wrapper.application; includeInIndex = 0; path = navigation.app; sourceTree = BUILT_PRODUCTS_DIR; };
		C0CD32A526126B95003D8866 /* AppDelegate.swift */ = {isa = PBXFileReference; lastKnownFileType = sourcecode.swift; path = AppDelegate.swift; sourceTree = "<group>"; };
		C0CD32A726126B95003D8866 /* SceneDelegate.swift */ = {isa = PBXFileReference; lastKnownFileType = sourcecode.swift; path = SceneDelegate.swift; sourceTree = "<group>"; };
		C0CD32A926126B95003D8866 /* ViewController.swift */ = {isa = PBXFileReference; lastKnownFileType = sourcecode.swift; path = ViewController.swift; sourceTree = "<group>"; };
		C0CD32AC26126B95003D8866 /* Base */ = {isa = PBXFileReference; lastKnownFileType = file.storyboard; name = Base; path = Base.lproj/Main.storyboard; sourceTree = "<group>"; };
		C0CD32AE26126B97003D8866 /* Assets.xcassets */ = {isa = PBXFileReference; lastKnownFileType = folder.assetcatalog; path = Assets.xcassets; sourceTree = "<group>"; };
		C0CD32B126126B97003D8866 /* Base */ = {isa = PBXFileReference; lastKnownFileType = file.storyboard; name = Base; path = Base.lproj/LaunchScreen.storyboard; sourceTree = "<group>"; };
		C0CD32B326126B97003D8866 /* Info.plist */ = {isa = PBXFileReference; lastKnownFileType = text.plist.xml; path = Info.plist; sourceTree = "<group>"; };
		C0CD32B826126B98003D8866 /* navigationTests.xctest */ = {isa = PBXFileReference; explicitFileType = wrapper.cfbundle; includeInIndex = 0; path = navigationTests.xctest; sourceTree = BUILT_PRODUCTS_DIR; };
		C0CD32BC26126B98003D8866 /* navigationTests.swift */ = {isa = PBXFileReference; lastKnownFileType = sourcecode.swift; path = navigationTests.swift; sourceTree = "<group>"; };
		C0CD32BE26126B98003D8866 /* Info.plist */ = {isa = PBXFileReference; lastKnownFileType = text.plist.xml; path = Info.plist; sourceTree = "<group>"; };
		C0CD32C326126B98003D8866 /* navigationUITests.xctest */ = {isa = PBXFileReference; explicitFileType = wrapper.cfbundle; includeInIndex = 0; path = navigationUITests.xctest; sourceTree = BUILT_PRODUCTS_DIR; };
		C0CD32C726126B98003D8866 /* navigationUITests.swift */ = {isa = PBXFileReference; lastKnownFileType = sourcecode.swift; path = navigationUITests.swift; sourceTree = "<group>"; };
		C0CD32C926126B98003D8866 /* Info.plist */ = {isa = PBXFileReference; lastKnownFileType = text.plist.xml; path = Info.plist; sourceTree = "<group>"; };
		C0CD32D826128598003D8866 /* MainNavigationController.swift */ = {isa = PBXFileReference; lastKnownFileType = sourcecode.swift; path = MainNavigationController.swift; sourceTree = "<group>"; };
/* End PBXFileReference section */

/* Begin PBXFrameworksBuildPhase section */
		C0CD329F26126B95003D8866 /* Frameworks */ = {
			isa = PBXFrameworksBuildPhase;
			buildActionMask = 2147483647;
			files = (
			);
			runOnlyForDeploymentPostprocessing = 0;
		};
		C0CD32B526126B98003D8866 /* Frameworks */ = {
			isa = PBXFrameworksBuildPhase;
			buildActionMask = 2147483647;
			files = (
			);
			runOnlyForDeploymentPostprocessing = 0;
		};
		C0CD32C026126B98003D8866 /* Frameworks */ = {
			isa = PBXFrameworksBuildPhase;
			buildActionMask = 2147483647;
			files = (
			);
			runOnlyForDeploymentPostprocessing = 0;
		};
/* End PBXFrameworksBuildPhase section */

/* Begin PBXGroup section */
		C0CD329926126B95003D8866 = {
			isa = PBXGroup;
			children = (
				C0CD32A426126B95003D8866 /* navigation */,
				C0CD32BB26126B98003D8866 /* navigationTests */,
				C0CD32C626126B98003D8866 /* navigationUITests */,
				C0CD32A326126B95003D8866 /* Products */,
			);
			sourceTree = "<group>";
		};
		C0CD32A326126B95003D8866 /* Products */ = {
			isa = PBXGroup;
			children = (
				C0CD32A226126B95003D8866 /* navigation.app */,
				C0CD32B826126B98003D8866 /* navigationTests.xctest */,
				C0CD32C326126B98003D8866 /* navigationUITests.xctest */,
			);
			name = Products;
			sourceTree = "<group>";
		};
		C0CD32A426126B95003D8866 /* navigation */ = {
			isa = PBXGroup;
			children = (
				C0CD32A526126B95003D8866 /* AppDelegate.swift */,
				C0CD32A726126B95003D8866 /* SceneDelegate.swift */,
				C0CD32A926126B95003D8866 /* ViewController.swift */,
				C0CD32AB26126B95003D8866 /* Main.storyboard */,
				C0CD32D826128598003D8866 /* MainNavigationController.swift */,
				C0CD32AE26126B97003D8866 /* Assets.xcassets */,
				C0CD32B026126B97003D8866 /* LaunchScreen.storyboard */,
				C0CD32B326126B97003D8866 /* Info.plist */,
			);
			path = navigation;
			sourceTree = "<group>";
		};
		C0CD32BB26126B98003D8866 /* navigationTests */ = {
			isa = PBXGroup;
			children = (
				C0CD32BC26126B98003D8866 /* navigationTests.swift */,
				C0CD32BE26126B98003D8866 /* Info.plist */,
			);
			path = navigationTests;
			sourceTree = "<group>";
		};
		C0CD32C626126B98003D8866 /* navigationUITests */ = {
			isa = PBXGroup;
			children = (
				C0CD32C726126B98003D8866 /* navigationUITests.swift */,
				C0CD32C926126B98003D8866 /* Info.plist */,
			);
			path = navigationUITests;
			sourceTree = "<group>";
		};
/* End PBXGroup section */

/* Begin PBXNativeTarget section */
		C0CD32A126126B95003D8866 /* navigation */ = {
			isa = PBXNativeTarget;
			buildConfigurationList = C0CD32CC26126B98003D8866 /* Build configuration list for PBXNativeTarget "navigation" */;
			buildPhases = (
				C0CD329E26126B95003D8866 /* Sources */,
				C0CD329F26126B95003D8866 /* Frameworks */,
				C0CD32A026126B95003D8866 /* Resources */,
			);
			buildRules = (
			);
			dependencies = (
			);
			name = navigation;
			productName = navigation;
			productReference = C0CD32A226126B95003D8866 /* navigation.app */;
			productType = "com.apple.product-type.application";
		};
		C0CD32B726126B98003D8866 /* navigationTests */ = {
			isa = PBXNativeTarget;
			buildConfigurationList = C0CD32CF26126B98003D8866 /* Build configuration list for PBXNativeTarget "navigationTests" */;
			buildPhases = (
				C0CD32B426126B98003D8866 /* Sources */,
				C0CD32B526126B98003D8866 /* Frameworks */,
				C0CD32B626126B98003D8866 /* Resources */,
			);
			buildRules = (
			);
			dependencies = (
				C0CD32BA26126B98003D8866 /* PBXTargetDependency */,
			);
			name = navigationTests;
			productName = navigationTests;
			productReference = C0CD32B826126B98003D8866 /* navigationTests.xctest */;
			productType = "com.apple.product-type.bundle.unit-test";
		};
		C0CD32C226126B98003D8866 /* navigationUITests */ = {
			isa = PBXNativeTarget;
			buildConfigurationList = C0CD32D226126B98003D8866 /* Build configuration list for PBXNativeTarget "navigationUITests" */;
			buildPhases = (
				C0CD32BF26126B98003D8866 /* Sources */,
				C0CD32C026126B98003D8866 /* Frameworks */,
				C0CD32C126126B98003D8866 /* Resources */,
			);
			buildRules = (
			);
			dependencies = (
				C0CD32C526126B98003D8866 /* PBXTargetDependency */,
			);
			name = navigationUITests;
			productName = navigationUITests;
			productReference = C0CD32C326126B98003D8866 /* navigationUITests.xctest */;
			productType = "com.apple.product-type.bundle.ui-testing";
		};
/* End PBXNativeTarget section */

/* Begin PBXProject section */
		C0CD329A26126B95003D8866 /* Project object */ = {
			isa = PBXProject;
			attributes = {
				LastSwiftUpdateCheck = 1240;
				LastUpgradeCheck = 1240;
				TargetAttributes = {
					C0CD32A126126B95003D8866 = {
						CreatedOnToolsVersion = 12.4;
					};
					C0CD32B726126B98003D8866 = {
						CreatedOnToolsVersion = 12.4;
						TestTargetID = C0CD32A126126B95003D8866;
					};
					C0CD32C226126B98003D8866 = {
						CreatedOnToolsVersion = 12.4;
						TestTargetID = C0CD32A126126B95003D8866;
					};
				};
			};
			buildConfigurationList = C0CD329D26126B95003D8866 /* Build configuration list for PBXProject "navigation" */;
			compatibilityVersion = "Xcode 9.3";
			developmentRegion = en;
			hasScannedForEncodings = 0;
			knownRegions = (
				en,
				Base,
			);
			mainGroup = C0CD329926126B95003D8866;
			productRefGroup = C0CD32A326126B95003D8866 /* Products */;
			projectDirPath = "";
			projectRoot = "";
			targets = (
				C0CD32A126126B95003D8866 /* navigation */,
				C0CD32B726126B98003D8866 /* navigationTests */,
				C0CD32C226126B98003D8866 /* navigationUITests */,
			);
		};
/* End PBXProject section */

/* Begin PBXResourcesBuildPhase section */
		C0CD32A026126B95003D8866 /* Resources */ = {
			isa = PBXResourcesBuildPhase;
			buildActionMask = 2147483647;
			files = (
				C0CD32B226126B97003D8866 /* LaunchScreen.storyboard in Resources */,
				C0CD32AF26126B97003D8866 /* Assets.xcassets in Resources */,
				C0CD32AD26126B95003D8866 /* Main.storyboard in Resources */,
			);
			runOnlyForDeploymentPostprocessing = 0;
		};
		C0CD32B626126B98003D8866 /* Resources */ = {
			isa = PBXResourcesBuildPhase;
			buildActionMask = 2147483647;
			files = (
			);
			runOnlyForDeploymentPostprocessing = 0;
		};
		C0CD32C126126B98003D8866 /* Resources */ = {
			isa = PBXResourcesBuildPhase;
			buildActionMask = 2147483647;
			files = (
			);
			runOnlyForDeploymentPostprocessing = 0;
		};
/* End PBXResourcesBuildPhase section */

/* Begin PBXSourcesBuildPhase section */
		C0CD329E26126B95003D8866 /* Sources */ = {
			isa = PBXSourcesBuildPhase;
			buildActionMask = 2147483647;
			files = (
				C0CD32AA26126B95003D8866 /* ViewController.swift in Sources */,
				C0CD32A626126B95003D8866 /* AppDelegate.swift in Sources */,
				C0CD32D926128598003D8866 /* MainNavigationController.swift in Sources */,
				C0CD32A826126B95003D8866 /* SceneDelegate.swift in Sources */,
			);
			runOnlyForDeploymentPostprocessing = 0;
		};
		C0CD32B426126B98003D8866 /* Sources */ = {
			isa = PBXSourcesBuildPhase;
			buildActionMask = 2147483647;
			files = (
				C0CD32BD26126B98003D8866 /* navigationTests.swift in Sources */,
			);
			runOnlyForDeploymentPostprocessing = 0;
		};
		C0CD32BF26126B98003D8866 /* Sources */ = {
			isa = PBXSourcesBuildPhase;
			buildActionMask = 2147483647;
			files = (
				C0CD32C826126B98003D8866 /* navigationUITests.swift in Sources */,
			);
			runOnlyForDeploymentPostprocessing = 0;
		};
/* End PBXSourcesBuildPhase section */

/* Begin PBXTargetDependency section */
		C0CD32BA26126B98003D8866 /* PBXTargetDependency */ = {
			isa = PBXTargetDependency;
			target = C0CD32A126126B95003D8866 /* navigation */;
			targetProxy = C0CD32B926126B98003D8866 /* PBXContainerItemProxy */;
		};
		C0CD32C526126B98003D8866 /* PBXTargetDependency */ = {
			isa = PBXTargetDependency;
			target = C0CD32A126126B95003D8866 /* navigation */;
			targetProxy = C0CD32C426126B98003D8866 /* PBXContainerItemProxy */;
		};
/* End PBXTargetDependency section */

/* Begin PBXVariantGroup section */
		C0CD32AB26126B95003D8866 /* Main.storyboard */ = {
			isa = PBXVariantGroup;
			children = (
				C0CD32AC26126B95003D8866 /* Base */,
			);
			name = Main.storyboard;
			sourceTree = "<group>";
		};
		C0CD32B026126B97003D8866 /* LaunchScreen.storyboard */ = {
			isa = PBXVariantGroup;
			children = (
				C0CD32B126126B97003D8866 /* Base */,
			);
			name = LaunchScreen.storyboard;
			sourceTree = "<group>";
		};
/* End PBXVariantGroup section */

/* Begin XCBuildConfiguration section */
		C0CD32CA26126B98003D8866 /* Debug */ = {
			isa = XCBuildConfiguration;
			buildSettings = {
				ALWAYS_SEARCH_USER_PATHS = NO;
				CLANG_ANALYZER_NONNULL = YES;
				CLANG_ANALYZER_NUMBER_OBJECT_CONVERSION = YES_AGGRESSIVE;
				CLANG_CXX_LANGUAGE_STANDARD = "gnu++14";
				CLANG_CXX_LIBRARY = "libc++";
				CLANG_ENABLE_MODULES = YES;
				CLANG_ENABLE_OBJC_ARC = YES;
				CLANG_ENABLE_OBJC_WEAK = YES;
				CLANG_WARN_BLOCK_CAPTURE_AUTORELEASING = YES;
				CLANG_WARN_BOOL_CONVERSION = YES;
				CLANG_WARN_COMMA = YES;
				CLANG_WARN_CONSTANT_CONVERSION = YES;
				CLANG_WARN_DEPRECATED_OBJC_IMPLEMENTATIONS = YES;
				CLANG_WARN_DIRECT_OBJC_ISA_USAGE = YES_ERROR;
				CLANG_WARN_DOCUMENTATION_COMMENTS = YES;
				CLANG_WARN_EMPTY_BODY = YES;
				CLANG_WARN_ENUM_CONVERSION = YES;
				CLANG_WARN_INFINITE_RECURSION = YES;
				CLANG_WARN_INT_CONVERSION = YES;
				CLANG_WARN_NON_LITERAL_NULL_CONVERSION = YES;
				CLANG_WARN_OBJC_IMPLICIT_RETAIN_SELF = YES;
				CLANG_WARN_OBJC_LITERAL_CONVERSION = YES;
				CLANG_WARN_OBJC_ROOT_CLASS = YES_ERROR;
				CLANG_WARN_QUOTED_INCLUDE_IN_FRAMEWORK_HEADER = YES;
				CLANG_WARN_RANGE_LOOP_ANALYSIS = YES;
				CLANG_WARN_STRICT_PROTOTYPES = YES;
				CLANG_WARN_SUSPICIOUS_MOVE = YES;
				CLANG_WARN_UNGUARDED_AVAILABILITY = YES_AGGRESSIVE;
				CLANG_WARN_UNREACHABLE_CODE = YES;
				CLANG_WARN__DUPLICATE_METHOD_MATCH = YES;
				COPY_PHASE_STRIP = NO;
				DEBUG_INFORMATION_FORMAT = dwarf;
				ENABLE_STRICT_OBJC_MSGSEND = YES;
				ENABLE_TESTABILITY = YES;
				GCC_C_LANGUAGE_STANDARD = gnu11;
				GCC_DYNAMIC_NO_PIC = NO;
				GCC_NO_COMMON_BLOCKS = YES;
				GCC_OPTIMIZATION_LEVEL = 0;
				GCC_PREPROCESSOR_DEFINITIONS = (
					"DEBUG=1",
					"$(inherited)",
				);
				GCC_WARN_64_TO_32_BIT_CONVERSION = YES;
				GCC_WARN_ABOUT_RETURN_TYPE = YES_ERROR;
				GCC_WARN_UNDECLARED_SELECTOR = YES;
				GCC_WARN_UNINITIALIZED_AUTOS = YES_AGGRESSIVE;
				GCC_WARN_UNUSED_FUNCTION = YES;
				GCC_WARN_UNUSED_VARIABLE = YES;
				IPHONEOS_DEPLOYMENT_TARGET = 14.4;
				MTL_ENABLE_DEBUG_INFO = INCLUDE_SOURCE;
				MTL_FAST_MATH = YES;
				ONLY_ACTIVE_ARCH = YES;
				SDKROOT = iphoneos;
				SWIFT_ACTIVE_COMPILATION_CONDITIONS = DEBUG;
				SWIFT_OPTIMIZATION_LEVEL = "-Onone";
			};
			name = Debug;
		};
		C0CD32CB26126B98003D8866 /* Release */ = {
			isa = XCBuildConfiguration;
			buildSettings = {
				ALWAYS_SEARCH_USER_PATHS = NO;
				CLANG_ANALYZER_NONNULL = YES;
				CLANG_ANALYZER_NUMBER_OBJECT_CONVERSION = YES_AGGRESSIVE;
				CLANG_CXX_LANGUAGE_STANDARD = "gnu++14";
				CLANG_CXX_LIBRARY = "libc++";
				CLANG_ENABLE_MODULES = YES;
				CLANG_ENABLE_OBJC_ARC = YES;
				CLANG_ENABLE_OBJC_WEAK = YES;
				CLANG_WARN_BLOCK_CAPTURE_AUTORELEASING = YES;
				CLANG_WARN_BOOL_CONVERSION = YES;
				CLANG_WARN_COMMA = YES;
				CLANG_WARN_CONSTANT_CONVERSION = YES;
				CLANG_WARN_DEPRECATED_OBJC_IMPLEMENTATIONS = YES;
				CLANG_WARN_DIRECT_OBJC_ISA_USAGE = YES_ERROR;
				CLANG_WARN_DOCUMENTATION_COMMENTS = YES;
				CLANG_WARN_EMPTY_BODY = YES;
				CLANG_WARN_ENUM_CONVERSION = YES;
				CLANG_WARN_INFINITE_RECURSION = YES;
				CLANG_WARN_INT_CONVERSION = YES;
				CLANG_WARN_NON_LITERAL_NULL_CONVERSION = YES;
				CLANG_WARN_OBJC_IMPLICIT_RETAIN_SELF = YES;
				CLANG_WARN_OBJC_LITERAL_CONVERSION = YES;
				CLANG_WARN_OBJC_ROOT_CLASS = YES_ERROR;
				CLANG_WARN_QUOTED_INCLUDE_IN_FRAMEWORK_HEADER = YES;
				CLANG_WARN_RANGE_LOOP_ANALYSIS = YES;
				CLANG_WARN_STRICT_PROTOTYPES = YES;
				CLANG_WARN_SUSPICIOUS_MOVE = YES;
				CLANG_WARN_UNGUARDED_AVAILABILITY = YES_AGGRESSIVE;
				CLANG_WARN_UNREACHABLE_CODE = YES;
				CLANG_WARN__DUPLICATE_METHOD_MATCH = YES;
				COPY_PHASE_STRIP = NO;
				DEBUG_INFORMATION_FORMAT = "dwarf-with-dsym";
				ENABLE_NS_ASSERTIONS = NO;
				ENABLE_STRICT_OBJC_MSGSEND = YES;
				GCC_C_LANGUAGE_STANDARD = gnu11;
				GCC_NO_COMMON_BLOCKS = YES;
				GCC_WARN_64_TO_32_BIT_CONVERSION = YES;
				GCC_WARN_ABOUT_RETURN_TYPE = YES_ERROR;
				GCC_WARN_UNDECLARED_SELECTOR = YES;
				GCC_WARN_UNINITIALIZED_AUTOS = YES_AGGRESSIVE;
				GCC_WARN_UNUSED_FUNCTION = YES;
				GCC_WARN_UNUSED_VARIABLE = YES;
				IPHONEOS_DEPLOYMENT_TARGET = 14.4;
				MTL_ENABLE_DEBUG_INFO = NO;
				MTL_FAST_MATH = YES;
				SDKROOT = iphoneos;
				SWIFT_COMPILATION_MODE = wholemodule;
				SWIFT_OPTIMIZATION_LEVEL = "-O";
				VALIDATE_PRODUCT = YES;
			};
			name = Release;
		};
		C0CD32CD26126B98003D8866 /* Debug */ = {
			isa = XCBuildConfiguration;
			buildSettings = {
				ASSETCATALOG_COMPILER_APPICON_NAME = AppIcon;
				ASSETCATALOG_COMPILER_GLOBAL_ACCENT_COLOR_NAME = AccentColor;
				CODE_SIGN_STYLE = Automatic;
				DEVELOPMENT_TEAM = 7DJVX6G5C8;
				INFOPLIST_FILE = navigation/Info.plist;
				LD_RUNPATH_SEARCH_PATHS = (
					"$(inherited)",
					"@executable_path/Frameworks",
				);
				PRODUCT_BUNDLE_IDENTIFIER = "kahina.lounis-europcar.com.navigation";
				PRODUCT_NAME = "$(TARGET_NAME)";
				SWIFT_VERSION = 5.0;
				TARGETED_DEVICE_FAMILY = "1,2";
			};
			name = Debug;
		};
		C0CD32CE26126B98003D8866 /* Release */ = {
			isa = XCBuildConfiguration;
			buildSettings = {
				ASSETCATALOG_COMPILER_APPICON_NAME = AppIcon;
				ASSETCATALOG_COMPILER_GLOBAL_ACCENT_COLOR_NAME = AccentColor;
				CODE_SIGN_STYLE = Automatic;
				DEVELOPMENT_TEAM = 7DJVX6G5C8;
				INFOPLIST_FILE = navigation/Info.plist;
				LD_RUNPATH_SEARCH_PATHS = (
					"$(inherited)",
					"@executable_path/Frameworks",
				);
				PRODUCT_BUNDLE_IDENTIFIER = "kahina.lounis-europcar.com.navigation";
				PRODUCT_NAME = "$(TARGET_NAME)";
				SWIFT_VERSION = 5.0;
				TARGETED_DEVICE_FAMILY = "1,2";
			};
			name = Release;
		};
		C0CD32D026126B98003D8866 /* Debug */ = {
			isa = XCBuildConfiguration;
			buildSettings = {
				ALWAYS_EMBED_SWIFT_STANDARD_LIBRARIES = YES;
				BUNDLE_LOADER = "$(TEST_HOST)";
				CODE_SIGN_STYLE = Automatic;
				DEVELOPMENT_TEAM = 7DJVX6G5C8;
				INFOPLIST_FILE = navigationTests/Info.plist;
				IPHONEOS_DEPLOYMENT_TARGET = 14.4;
				LD_RUNPATH_SEARCH_PATHS = (
					"$(inherited)",
					"@executable_path/Frameworks",
					"@loader_path/Frameworks",
				);
				PRODUCT_BUNDLE_IDENTIFIER = "kahina.lounis-europcar.com.navigationTests";
				PRODUCT_NAME = "$(TARGET_NAME)";
				SWIFT_VERSION = 5.0;
				TARGETED_DEVICE_FAMILY = "1,2";
				TEST_HOST = "$(BUILT_PRODUCTS_DIR)/navigation.app/navigation";
			};
			name = Debug;
		};
		C0CD32D126126B98003D8866 /* Release */ = {
			isa = XCBuildConfiguration;
			buildSettings = {
				ALWAYS_EMBED_SWIFT_STANDARD_LIBRARIES = YES;
				BUNDLE_LOADER = "$(TEST_HOST)";
				CODE_SIGN_STYLE = Automatic;
				DEVELOPMENT_TEAM = 7DJVX6G5C8;
				INFOPLIST_FILE = navigationTests/Info.plist;
				IPHONEOS_DEPLOYMENT_TARGET = 14.4;
				LD_RUNPATH_SEARCH_PATHS = (
					"$(inherited)",
					"@executable_path/Frameworks",
					"@loader_path/Frameworks",
				);
				PRODUCT_BUNDLE_IDENTIFIER = "kahina.lounis-europcar.com.navigationTests";
				PRODUCT_NAME = "$(TARGET_NAME)";
				SWIFT_VERSION = 5.0;
				TARGETED_DEVICE_FAMILY = "1,2";
				TEST_HOST = "$(BUILT_PRODUCTS_DIR)/navigation.app/navigation";
			};
			name = Release;
		};
		C0CD32D326126B98003D8866 /* Debug */ = {
			isa = XCBuildConfiguration;
			buildSettings = {
				ALWAYS_EMBED_SWIFT_STANDARD_LIBRARIES = YES;
				CODE_SIGN_STYLE = Automatic;
				DEVELOPMENT_TEAM = 7DJVX6G5C8;
				INFOPLIST_FILE = navigationUITests/Info.plist;
				LD_RUNPATH_SEARCH_PATHS = (
					"$(inherited)",
					"@executable_path/Frameworks",
					"@loader_path/Frameworks",
				);
				PRODUCT_BUNDLE_IDENTIFIER = "kahina.lounis-europcar.com.navigationUITests";
				PRODUCT_NAME = "$(TARGET_NAME)";
				SWIFT_VERSION = 5.0;
				TARGETED_DEVICE_FAMILY = "1,2";
				TEST_TARGET_NAME = navigation;
			};
			name = Debug;
		};
		C0CD32D426126B98003D8866 /* Release */ = {
			isa = XCBuildConfiguration;
			buildSettings = {
				ALWAYS_EMBED_SWIFT_STANDARD_LIBRARIES = YES;
				CODE_SIGN_STYLE = Automatic;
				DEVELOPMENT_TEAM = 7DJVX6G5C8;
				INFOPLIST_FILE = navigationUITests/Info.plist;
				LD_RUNPATH_SEARCH_PATHS = (
					"$(inherited)",
					"@executable_path/Frameworks",
					"@loader_path/Frameworks",
				);
				PRODUCT_BUNDLE_IDENTIFIER = "kahina.lounis-europcar.com.navigationUITests";
				PRODUCT_NAME = "$(TARGET_NAME)";
				SWIFT_VERSION = 5.0;
				TARGETED_DEVICE_FAMILY = "1,2";
				TEST_TARGET_NAME = navigation;
			};
			name = Release;
		};
/* End XCBuildConfiguration section */

/* Begin XCConfigurationList section */
		C0CD329D26126B95003D8866 /* Build configuration list for PBXProject "navigation" */ = {
			isa = XCConfigurationList;
			buildConfigurations = (
				C0CD32CA26126B98003D8866 /* Debug */,
				C0CD32CB26126B98003D8866 /* Release */,
			);
			defaultConfigurationIsVisible = 0;
			defaultConfigurationName = Release;
		};
		C0CD32CC26126B98003D8866 /* Build configuration list for PBXNativeTarget "navigation" */ = {
			isa = XCConfigurationList;
			buildConfigurations = (
				C0CD32CD26126B98003D8866 /* Debug */,
				C0CD32CE26126B98003D8866 /* Release */,
			);
			defaultConfigurationIsVisible = 0;
			defaultConfigurationName = Release;
		};
		C0CD32CF26126B98003D8866 /* Build configuration list for PBXNativeTarget "navigationTests" */ = {
			isa = XCConfigurationList;
			buildConfigurations = (
				C0CD32D026126B98003D8866 /* Debug */,
				C0CD32D126126B98003D8866 /* Release */,
			);
			defaultConfigurationIsVisible = 0;
			defaultConfigurationName = Release;
		};
		C0CD32D226126B98003D8866 /* Build configuration list for PBXNativeTarget "navigationUITests" */ = {
			isa = XCConfigurationList;
			buildConfigurations = (
				C0CD32D326126B98003D8866 /* Debug */,
				C0CD32D426126B98003D8866 /* Release */,
			);
			defaultConfigurationIsVisible = 0;
			defaultConfigurationName = Release;
		};
/* End XCConfigurationList section */
	};
	rootObject = C0CD329A26126B95003D8866 /* Project object */;
}
